
Microsoft Visual Studio Solution File, Format Version 12.00
# Visual Studio Version 17
VisualStudioVersion = 17.5.002.0
MinimumVisualStudioVersion = 10.0.40219.1
Project("{9A19103F-16F7-4668-BE54-9A1E7A4F7556}") = "Server", "Server.csproj", "{BD7C7685-CD20-4F3F-8C99-5B5ABF544FF5}"
EndProject
Project("{FAE04EC0-301F-11D3-BF4B-00C04F79EFBC}") = "Server.ViewModels", "Server.ViewModels\Server.ViewModels.csproj", "{BA006D36-927E-4194-915E-968CA58E1ADE}"
EndProject
Project("{FAE04EC0-301F-11D3-BF4B-00C04F79EFBC}") = "Server.Data", "Server.Data\Server.Data.csproj", "{D32E31D7-569E-4737-B1F9-CF0DF1B636F1}"
EndProject
Project("{FAE04EC0-301F-11D3-BF4B-00C04F79EFBC}") = "Server.Logic", "Server.Logic\Server.Logic.csproj", "{0C79076F-5B97-4D97-93BF-C7F6D7E2168B}"
EndProject
Project("{FAE04EC0-301F-11D3-BF4B-00C04F79EFBC}") = "Server.Database", "Server.Database\Server.Database.csproj", "{A5CC37F1-20FA-4BFE-8BAE-E870D6436158}"
EndProject
Project("{FAE04EC0-301F-11D3-BF4B-00C04F79EFBC}") = "Server.Controllers", "Server.Controllers\Server.Controllers.csproj", "{2B305BFA-A124-4562-AFEF-560DC9540F08}"
EndProject
Project("{FAE04EC0-301F-11D3-BF4B-00C04F79EFBC}") = "Server.Logic.Tests", "Server.Logic.Tests\Server.Logic.Tests.csproj", "{9FA80D49-2371-4758-9238-071B4624A527}"
EndProject
Project("{FAE04EC0-301F-11D3-BF4B-00C04F79EFBC}") = "Server.Controllers.Tests", "Server.Controllers.Tests\Server.Controllers.Tests.csproj", "{A1AD649D-788F-4739-924A-C09866520E9E}"
EndProject
Global
	GlobalSection(SolutionConfigurationPlatforms) = preSolution
		Debug|Any CPU = Debug|Any CPU
		Release|Any CPU = Release|Any CPU
	EndGlobalSection
	GlobalSection(ProjectConfigurationPlatforms) = postSolution
		{BD7C7685-CD20-4F3F-8C99-5B5ABF544FF5}.Debug|Any CPU.ActiveCfg = Debug|Any CPU
		{BD7C7685-CD20-4F3F-8C99-5B5ABF544FF5}.Debug|Any CPU.Build.0 = Debug|Any CPU
		{BD7C7685-CD20-4F3F-8C99-5B5ABF544FF5}.Release|Any CPU.ActiveCfg = Release|Any CPU
		{BD7C7685-CD20-4F3F-8C99-5B5ABF544FF5}.Release|Any CPU.Build.0 = Release|Any CPU
		{BA006D36-927E-4194-915E-968CA58E1ADE}.Debug|Any CPU.ActiveCfg = Debug|Any CPU
		{BA006D36-927E-4194-915E-968CA58E1ADE}.Debug|Any CPU.Build.0 = Debug|Any CPU
		{BA006D36-927E-4194-915E-968CA58E1ADE}.Release|Any CPU.ActiveCfg = Release|Any CPU
		{BA006D36-927E-4194-915E-968CA58E1ADE}.Release|Any CPU.Build.0 = Release|Any CPU
		{D32E31D7-569E-4737-B1F9-CF0DF1B636F1}.Debug|Any CPU.ActiveCfg = Debug|Any CPU
		{D32E31D7-569E-4737-B1F9-CF0DF1B636F1}.Debug|Any CPU.Build.0 = Debug|Any CPU
		{D32E31D7-569E-4737-B1F9-CF0DF1B636F1}.Release|Any CPU.ActiveCfg = Release|Any CPU
		{D32E31D7-569E-4737-B1F9-CF0DF1B636F1}.Release|Any CPU.Build.0 = Release|Any CPU
		{0C79076F-5B97-4D97-93BF-C7F6D7E2168B}.Debug|Any CPU.ActiveCfg = Debug|Any CPU
		{0C79076F-5B97-4D97-93BF-C7F6D7E2168B}.Debug|Any CPU.Build.0 = Debug|Any CPU
		{0C79076F-5B97-4D97-93BF-C7F6D7E2168B}.Release|Any CPU.ActiveCfg = Release|Any CPU
		{0C79076F-5B97-4D97-93BF-C7F6D7E2168B}.Release|Any CPU.Build.0 = Release|Any CPU
		{A5CC37F1-20FA-4BFE-8BAE-E870D6436158}.Debug|Any CPU.ActiveCfg = Debug|Any CPU
		{A5CC37F1-20FA-4BFE-8BAE-E870D6436158}.Debug|Any CPU.Build.0 = Debug|Any CPU
		{A5CC37F1-20FA-4BFE-8BAE-E870D6436158}.Release|Any CPU.ActiveCfg = Release|Any CPU
		{A5CC37F1-20FA-4BFE-8BAE-E870D6436158}.Release|Any CPU.Build.0 = Release|Any CPU
		{2B305BFA-A124-4562-AFEF-560DC9540F08}.Debug|Any CPU.ActiveCfg = Debug|Any CPU
		{2B305BFA-A124-4562-AFEF-560DC9540F08}.Debug|Any CPU.Build.0 = Debug|Any CPU
		{2B305BFA-A124-4562-AFEF-560DC9540F08}.Release|Any CPU.ActiveCfg = Release|Any CPU
		{2B305BFA-A124-4562-AFEF-560DC9540F08}.Release|Any CPU.Build.0 = Release|Any CPU
		{9FA80D49-2371-4758-9238-071B4624A527}.Debug|Any CPU.ActiveCfg = Debug|Any CPU
		{9FA80D49-2371-4758-9238-071B4624A527}.Debug|Any CPU.Build.0 = Debug|Any CPU
		{9FA80D49-2371-4758-9238-071B4624A527}.Release|Any CPU.ActiveCfg = Release|Any CPU
		{9FA80D49-2371-4758-9238-071B4624A527}.Release|Any CPU.Build.0 = Release|Any CPU
		{A1AD649D-788F-4739-924A-C09866520E9E}.Debug|Any CPU.ActiveCfg = Debug|Any CPU
		{A1AD649D-788F-4739-924A-C09866520E9E}.Debug|Any CPU.Build.0 = Debug|Any CPU
		{A1AD649D-788F-4739-924A-C09866520E9E}.Release|Any CPU.ActiveCfg = Release|Any CPU
		{A1AD649D-788F-4739-924A-C09866520E9E}.Release|Any CPU.Build.0 = Release|Any CPU
	EndGlobalSection
	GlobalSection(SolutionProperties) = preSolution
		HideSolutionNode = FALSE
	EndGlobalSection
	GlobalSection(ExtensibilityGlobals) = postSolution
		SolutionGuid = {48D17AD1-D4A2-409F-9822-4AE7122C600A}
	EndGlobalSection
EndGlobal
